
Microsoft Visual Studio Solution File, Format Version 12.00
# Visual Studio 2012
Project("{FAE04EC0-301F-11D3-BF4B-00C04F79EFBC}") = "MaterialDesign", "MaterialDesign\MaterialDesign.csproj", "{1C296A1C-FB2A-435A-B289-914BC56A5992}"
EndProject
Global
	GlobalSection(SolutionConfigurationPlatforms) = preSolution
		Debug|Any CPU = Debug|Any CPU
		Release|Any CPU = Release|Any CPU
	EndGlobalSection
	GlobalSection(ProjectConfigurationPlatforms) = postSolution
		{1C296A1C-FB2A-435A-B289-914BC56A5992}.Debug|Any CPU.ActiveCfg = Debug|Any CPU
		{1C296A1C-FB2A-435A-B289-914BC56A5992}.Debug|Any CPU.Build.0 = Debug|Any CPU
		{1C296A1C-FB2A-435A-B289-914BC56A5992}.Release|Any CPU.ActiveCfg = Release|Any CPU
		{1C296A1C-FB2A-435A-B289-914BC56A5992}.Release|Any CPU.Build.0 = Release|Any CPU
	EndGlobalSection
	GlobalSection(MonoDevelopProperties) = preSolution
		StartupItem = MaterialDesign\MaterialDesign.csproj
	EndGlobalSection
EndGlobal
