
Microsoft Visual Studio Solution File, Format Version 12.00
# Visual Studio 14
VisualStudioVersion = 14.0.23107.0
MinimumVisualStudioVersion = 10.0.40219.1
Project("{FAE04EC0-301F-11D3-BF4B-00C04F79EFBC}") = "KinveyLogin", "KinveyLogin\KinveyLogin.csproj", "{361AF71D-C36D-4F2D-BBA0-7826733D2400}"
EndProject
Global
	GlobalSection(SolutionConfigurationPlatforms) = preSolution
		Debug|Any CPU = Debug|Any CPU
		Release|Any CPU = Release|Any CPU
	EndGlobalSection
	GlobalSection(ProjectConfigurationPlatforms) = postSolution
		{361AF71D-C36D-4F2D-BBA0-7826733D2400}.Debug|Any CPU.ActiveCfg = Debug|Any CPU
		{361AF71D-C36D-4F2D-BBA0-7826733D2400}.Debug|Any CPU.Build.0 = Debug|Any CPU
		{361AF71D-C36D-4F2D-BBA0-7826733D2400}.Debug|Any CPU.Deploy.0 = Debug|Any CPU
		{361AF71D-C36D-4F2D-BBA0-7826733D2400}.Release|Any CPU.ActiveCfg = Release|Any CPU
		{361AF71D-C36D-4F2D-BBA0-7826733D2400}.Release|Any CPU.Build.0 = Release|Any CPU
		{361AF71D-C36D-4F2D-BBA0-7826733D2400}.Release|Any CPU.Deploy.0 = Release|Any CPU
	EndGlobalSection
	GlobalSection(SolutionProperties) = preSolution
		HideSolutionNode = FALSE
	EndGlobalSection
EndGlobal
