
Microsoft Visual Studio Solution File, Format Version 12.00
# Visual Studio 2012
Project("{FAE04EC0-301F-11D3-BF4B-00C04F79EFBC}") = "SqliteTest", "SqliteTest\SqliteTest.csproj", "{854EA11A-E739-4D1F-AE5D-9B51A3F34BEC}"
EndProject
Global
	GlobalSection(SolutionConfigurationPlatforms) = preSolution
		Debug|Any CPU = Debug|Any CPU
		Release|Any CPU = Release|Any CPU
	EndGlobalSection
	GlobalSection(ProjectConfigurationPlatforms) = postSolution
		{854EA11A-E739-4D1F-AE5D-9B51A3F34BEC}.Debug|Any CPU.ActiveCfg = Debug|Any CPU
		{854EA11A-E739-4D1F-AE5D-9B51A3F34BEC}.Debug|Any CPU.Build.0 = Debug|Any CPU
		{854EA11A-E739-4D1F-AE5D-9B51A3F34BEC}.Release|Any CPU.ActiveCfg = Release|Any CPU
		{854EA11A-E739-4D1F-AE5D-9B51A3F34BEC}.Release|Any CPU.Build.0 = Release|Any CPU
	EndGlobalSection
	GlobalSection(MonoDevelopProperties) = preSolution
		StartupItem = SqliteTest\SqliteTest.csproj
	EndGlobalSection
EndGlobal
