
Microsoft Visual Studio Solution File, Format Version 12.00
# Visual Studio 2012
Project("{FAE04EC0-301F-11D3-BF4B-00C04F79EFBC}") = "EventFinda", "EventFinda\EventFinda.csproj", "{F98C2D0F-E264-4A65-8ECE-8A8C2B987009}"
EndProject
Global
	GlobalSection(SolutionConfigurationPlatforms) = preSolution
		Debug|Any CPU = Debug|Any CPU
		Release|Any CPU = Release|Any CPU
	EndGlobalSection
	GlobalSection(ProjectConfigurationPlatforms) = postSolution
		{F98C2D0F-E264-4A65-8ECE-8A8C2B987009}.Debug|Any CPU.ActiveCfg = Debug|Any CPU
		{F98C2D0F-E264-4A65-8ECE-8A8C2B987009}.Debug|Any CPU.Build.0 = Debug|Any CPU
		{F98C2D0F-E264-4A65-8ECE-8A8C2B987009}.Release|Any CPU.ActiveCfg = Release|Any CPU
		{F98C2D0F-E264-4A65-8ECE-8A8C2B987009}.Release|Any CPU.Build.0 = Release|Any CPU
	EndGlobalSection
EndGlobal
