
Microsoft Visual Studio Solution File, Format Version 12.00
# Visual Studio 2012
Project("{FAE04EC0-301F-11D3-BF4B-00C04F79EFBC}") = "SherlockActionBarDemo2", "SherlockActionBarDemo2\SherlockActionBarDemo2.csproj", "{A3817088-D687-42A9-A97E-323C7CC05967}"
EndProject
Global
	GlobalSection(SolutionConfigurationPlatforms) = preSolution
		Debug|Any CPU = Debug|Any CPU
		Release|Any CPU = Release|Any CPU
	EndGlobalSection
	GlobalSection(ProjectConfigurationPlatforms) = postSolution
		{A3817088-D687-42A9-A97E-323C7CC05967}.Debug|Any CPU.ActiveCfg = Debug|Any CPU
		{A3817088-D687-42A9-A97E-323C7CC05967}.Debug|Any CPU.Build.0 = Debug|Any CPU
		{A3817088-D687-42A9-A97E-323C7CC05967}.Release|Any CPU.ActiveCfg = Release|Any CPU
		{A3817088-D687-42A9-A97E-323C7CC05967}.Release|Any CPU.Build.0 = Release|Any CPU
	EndGlobalSection
	GlobalSection(MonoDevelopProperties) = preSolution
		StartupItem = SherlockActionBarDemo2\SherlockActionBarDemo2.csproj
	EndGlobalSection
EndGlobal
