
Microsoft Visual Studio Solution File, Format Version 12.00
# Visual Studio 2012
Project("{FAE04EC0-301F-11D3-BF4B-00C04F79EFBC}") = "OptionsMenuDemo", "OptionsMenuDemo\OptionsMenuDemo.csproj", "{39BD1654-CDF4-4EBE-B39E-6088AE024AFC}"
EndProject
Global
	GlobalSection(SolutionConfigurationPlatforms) = preSolution
		Debug|Any CPU = Debug|Any CPU
		Release|Any CPU = Release|Any CPU
	EndGlobalSection
	GlobalSection(ProjectConfigurationPlatforms) = postSolution
		{39BD1654-CDF4-4EBE-B39E-6088AE024AFC}.Debug|Any CPU.ActiveCfg = Debug|Any CPU
		{39BD1654-CDF4-4EBE-B39E-6088AE024AFC}.Debug|Any CPU.Build.0 = Debug|Any CPU
		{39BD1654-CDF4-4EBE-B39E-6088AE024AFC}.Release|Any CPU.ActiveCfg = Release|Any CPU
		{39BD1654-CDF4-4EBE-B39E-6088AE024AFC}.Release|Any CPU.Build.0 = Release|Any CPU
	EndGlobalSection
	GlobalSection(MonoDevelopProperties) = preSolution
		StartupItem = OptionsMenuDemo\OptionsMenuDemo.csproj
	EndGlobalSection
EndGlobal
