
Microsoft Visual Studio Solution File, Format Version 12.00
# Visual Studio 2012
Project("{FAE04EC0-301F-11D3-BF4B-00C04F79EFBC}") = "ImageView", "ImageView\ImageView.csproj", "{2FE65AFF-A79A-4CBC-B407-C2FEECA8634A}"
EndProject
Global
	GlobalSection(SolutionConfigurationPlatforms) = preSolution
		Debug|Any CPU = Debug|Any CPU
		Release|Any CPU = Release|Any CPU
	EndGlobalSection
	GlobalSection(ProjectConfigurationPlatforms) = postSolution
		{2FE65AFF-A79A-4CBC-B407-C2FEECA8634A}.Debug|Any CPU.ActiveCfg = Debug|Any CPU
		{2FE65AFF-A79A-4CBC-B407-C2FEECA8634A}.Debug|Any CPU.Build.0 = Debug|Any CPU
		{2FE65AFF-A79A-4CBC-B407-C2FEECA8634A}.Release|Any CPU.ActiveCfg = Release|Any CPU
		{2FE65AFF-A79A-4CBC-B407-C2FEECA8634A}.Release|Any CPU.Build.0 = Release|Any CPU
	EndGlobalSection
	GlobalSection(MonoDevelopProperties) = preSolution
		StartupItem = ImageView\ImageView.csproj
	EndGlobalSection
EndGlobal
