
Microsoft Visual Studio Solution File, Format Version 12.00
# Visual Studio 2012
Project("{FAE04EC0-301F-11D3-BF4B-00C04F79EFBC}") = "Background", "Background\Background.csproj", "{E2EBF4BC-D6C0-4AA8-B72A-ED5AD45A61F3}"
EndProject
Global
	GlobalSection(SolutionConfigurationPlatforms) = preSolution
		Debug|Any CPU = Debug|Any CPU
		Release|Any CPU = Release|Any CPU
	EndGlobalSection
	GlobalSection(ProjectConfigurationPlatforms) = postSolution
		{E2EBF4BC-D6C0-4AA8-B72A-ED5AD45A61F3}.Debug|Any CPU.ActiveCfg = Debug|Any CPU
		{E2EBF4BC-D6C0-4AA8-B72A-ED5AD45A61F3}.Debug|Any CPU.Build.0 = Debug|Any CPU
		{E2EBF4BC-D6C0-4AA8-B72A-ED5AD45A61F3}.Release|Any CPU.ActiveCfg = Release|Any CPU
		{E2EBF4BC-D6C0-4AA8-B72A-ED5AD45A61F3}.Release|Any CPU.Build.0 = Release|Any CPU
	EndGlobalSection
	GlobalSection(MonoDevelopProperties) = preSolution
		StartupItem = Background\Background.csproj
	EndGlobalSection
EndGlobal
