
Microsoft Visual Studio Solution File, Format Version 12.00
# Visual Studio 2012
Project("{FAE04EC0-301F-11D3-BF4B-00C04F79EFBC}") = "SeekBar", "SeekBar\SeekBar.csproj", "{36D54FAB-C8F7-4B1F-B71E-AA8B241D7D47}"
EndProject
Global
	GlobalSection(SolutionConfigurationPlatforms) = preSolution
		Debug|Any CPU = Debug|Any CPU
		Release|Any CPU = Release|Any CPU
	EndGlobalSection
	GlobalSection(ProjectConfigurationPlatforms) = postSolution
		{36D54FAB-C8F7-4B1F-B71E-AA8B241D7D47}.Debug|Any CPU.ActiveCfg = Debug|Any CPU
		{36D54FAB-C8F7-4B1F-B71E-AA8B241D7D47}.Debug|Any CPU.Build.0 = Debug|Any CPU
		{36D54FAB-C8F7-4B1F-B71E-AA8B241D7D47}.Release|Any CPU.ActiveCfg = Release|Any CPU
		{36D54FAB-C8F7-4B1F-B71E-AA8B241D7D47}.Release|Any CPU.Build.0 = Release|Any CPU
	EndGlobalSection
	GlobalSection(MonoDevelopProperties) = preSolution
		StartupItem = SeekBar\SeekBar.csproj
	EndGlobalSection
EndGlobal
