
Microsoft Visual Studio Solution File, Format Version 12.00
# Visual Studio 2012
Project("{FAE04EC0-301F-11D3-BF4B-00C04F79EFBC}") = "ContactList", "ContactList\ContactList.csproj", "{C447A412-E8B2-4247-BE22-D15DA00E303A}"
EndProject
Global
	GlobalSection(SolutionConfigurationPlatforms) = preSolution
		Debug|Any CPU = Debug|Any CPU
		Release|Any CPU = Release|Any CPU
	EndGlobalSection
	GlobalSection(ProjectConfigurationPlatforms) = postSolution
		{C447A412-E8B2-4247-BE22-D15DA00E303A}.Debug|Any CPU.ActiveCfg = Debug|Any CPU
		{C447A412-E8B2-4247-BE22-D15DA00E303A}.Debug|Any CPU.Build.0 = Debug|Any CPU
		{C447A412-E8B2-4247-BE22-D15DA00E303A}.Release|Any CPU.ActiveCfg = Release|Any CPU
		{C447A412-E8B2-4247-BE22-D15DA00E303A}.Release|Any CPU.Build.0 = Release|Any CPU
	EndGlobalSection
	GlobalSection(MonoDevelopProperties) = preSolution
		StartupItem = ContactList\ContactList.csproj
	EndGlobalSection
EndGlobal
