
Microsoft Visual Studio Solution File, Format Version 12.00
# Visual Studio 2012
Project("{FAE04EC0-301F-11D3-BF4B-00C04F79EFBC}") = "BMICalculator", "BMICalculator\BMICalculator.csproj", "{2A96A2C1-E1C7-41CF-A29D-6A7E8307BCAD}"
EndProject
Global
	GlobalSection(SolutionConfigurationPlatforms) = preSolution
		Debug|Any CPU = Debug|Any CPU
		Release|Any CPU = Release|Any CPU
	EndGlobalSection
	GlobalSection(ProjectConfigurationPlatforms) = postSolution
		{2A96A2C1-E1C7-41CF-A29D-6A7E8307BCAD}.Debug|Any CPU.ActiveCfg = Debug|Any CPU
		{2A96A2C1-E1C7-41CF-A29D-6A7E8307BCAD}.Debug|Any CPU.Build.0 = Debug|Any CPU
		{2A96A2C1-E1C7-41CF-A29D-6A7E8307BCAD}.Release|Any CPU.ActiveCfg = Release|Any CPU
		{2A96A2C1-E1C7-41CF-A29D-6A7E8307BCAD}.Release|Any CPU.Build.0 = Release|Any CPU
	EndGlobalSection
	GlobalSection(MonoDevelopProperties) = preSolution
		StartupItem = BMICalculator\BMICalculator.csproj
	EndGlobalSection
EndGlobal
