
Microsoft Visual Studio Solution File, Format Version 12.00
# Visual Studio 2012
Project("{FAE04EC0-301F-11D3-BF4B-00C04F79EFBC}") = "SpinnerTest", "Spinner\SpinnerTest.csproj", "{1EF37DF5-CDDC-4BD0-BC27-7AE8028740EA}"
EndProject
Global
	GlobalSection(SolutionConfigurationPlatforms) = preSolution
		Debug|Any CPU = Debug|Any CPU
		Release|Any CPU = Release|Any CPU
	EndGlobalSection
	GlobalSection(ProjectConfigurationPlatforms) = postSolution
		{1EF37DF5-CDDC-4BD0-BC27-7AE8028740EA}.Debug|Any CPU.ActiveCfg = Debug|Any CPU
		{1EF37DF5-CDDC-4BD0-BC27-7AE8028740EA}.Debug|Any CPU.Build.0 = Debug|Any CPU
		{1EF37DF5-CDDC-4BD0-BC27-7AE8028740EA}.Release|Any CPU.ActiveCfg = Release|Any CPU
		{1EF37DF5-CDDC-4BD0-BC27-7AE8028740EA}.Release|Any CPU.Build.0 = Release|Any CPU
	EndGlobalSection
	GlobalSection(MonoDevelopProperties) = preSolution
		StartupItem = Spinner\SpinnerTest.csproj
	EndGlobalSection
EndGlobal
