
Microsoft Visual Studio Solution File, Format Version 12.00
# Visual Studio 2012
Project("{FAE04EC0-301F-11D3-BF4B-00C04F79EFBC}") = "BusLook-A-Tour", "BusLook-A-Tour\BusLook-A-Tour.csproj", "{ADDAA6B5-C69C-4AF6-AE66-EC548ABFB73A}"
EndProject
Project("{FAE04EC0-301F-11D3-BF4B-00C04F79EFBC}") = "BusLook-A-Tour.UITests", "BusLook-A-Tour.UITests\BusLook-A-Tour.UITests.csproj", "{5813E61A-4AE9-4FB1-A5E1-2CBAFD9DBD48}"
EndProject
Global
	GlobalSection(SolutionConfigurationPlatforms) = preSolution
		Debug|Any CPU = Debug|Any CPU
		Release|Any CPU = Release|Any CPU
	EndGlobalSection
	GlobalSection(ProjectConfigurationPlatforms) = postSolution
		{5813E61A-4AE9-4FB1-A5E1-2CBAFD9DBD48}.Debug|Any CPU.ActiveCfg = Debug|Any CPU
		{5813E61A-4AE9-4FB1-A5E1-2CBAFD9DBD48}.Debug|Any CPU.Build.0 = Debug|Any CPU
		{5813E61A-4AE9-4FB1-A5E1-2CBAFD9DBD48}.Release|Any CPU.ActiveCfg = Release|Any CPU
		{5813E61A-4AE9-4FB1-A5E1-2CBAFD9DBD48}.Release|Any CPU.Build.0 = Release|Any CPU
		{ADDAA6B5-C69C-4AF6-AE66-EC548ABFB73A}.Debug|Any CPU.ActiveCfg = Debug|Any CPU
		{ADDAA6B5-C69C-4AF6-AE66-EC548ABFB73A}.Debug|Any CPU.Build.0 = Debug|Any CPU
		{ADDAA6B5-C69C-4AF6-AE66-EC548ABFB73A}.Release|Any CPU.ActiveCfg = Release|Any CPU
		{ADDAA6B5-C69C-4AF6-AE66-EC548ABFB73A}.Release|Any CPU.Build.0 = Release|Any CPU
	EndGlobalSection
EndGlobal
