
Microsoft Visual Studio Solution File, Format Version 12.00
# Visual Studio 2012
Project("{FAE04EC0-301F-11D3-BF4B-00C04F79EFBC}") = "CheckBoxandRadioButtons", "CheckBoxandRadioButtons\CheckBoxandRadioButtons.csproj", "{1B3438E5-E4DF-46CA-B331-EBA67FBEF0A3}"
EndProject
Global
	GlobalSection(SolutionConfigurationPlatforms) = preSolution
		Debug|Any CPU = Debug|Any CPU
		Release|Any CPU = Release|Any CPU
	EndGlobalSection
	GlobalSection(ProjectConfigurationPlatforms) = postSolution
		{1B3438E5-E4DF-46CA-B331-EBA67FBEF0A3}.Debug|Any CPU.ActiveCfg = Debug|Any CPU
		{1B3438E5-E4DF-46CA-B331-EBA67FBEF0A3}.Debug|Any CPU.Build.0 = Debug|Any CPU
		{1B3438E5-E4DF-46CA-B331-EBA67FBEF0A3}.Release|Any CPU.ActiveCfg = Release|Any CPU
		{1B3438E5-E4DF-46CA-B331-EBA67FBEF0A3}.Release|Any CPU.Build.0 = Release|Any CPU
	EndGlobalSection
	GlobalSection(MonoDevelopProperties) = preSolution
		StartupItem = CheckBoxandRadioButtons\CheckBoxandRadioButtons.csproj
	EndGlobalSection
EndGlobal
